
Microsoft Visual Studio Solution File, Format Version 12.00
# Visual Studio 15
VisualStudioVersion = 15.0.27130.2036
MinimumVisualStudioVersion = 10.0.40219.1
Project("{F5034706-568F-408A-B7B3-4D38C6DB8A32}") = "SqlBuildTools", "SqlBuildTools.pssproj", "{6CAFC0C6-A428-4D30-A9F9-700E829FEA51}"
EndProject
Project("{FAE04EC0-301F-11D3-BF4B-00C04F79EFBC}") = "SqlBuildTools.Contributors", "SqlBuildTools.Contributors\SqlBuildTools.Contributors.csproj", "{D2202A9F-E88B-48C9-850C-7670BE116203}"
EndProject
Project("{00D1A9C2-B5F0-4AF3-8072-F6C62B433612}") = "SqlBuildTools.DB", "SqlBuildTools.DB\SqlBuildTools.DB.sqlproj", "{2431A28B-D38A-4BC8-964B-261E36246150}"
EndProject
Project("{2150E333-8FDC-42A3-9474-1A3956D46DE8}") = "ps-config", "ps-config", "{7CAFF89F-5373-4230-95F6-86B50648C059}"
	ProjectSection(SolutionItems) = preProject
		ps-config\globalConfig.psd1 = ps-config\globalConfig.psd1
		ps-config\SqlBuildTools.psd1 = ps-config\SqlBuildTools.psd1
	EndProjectSection
EndProject
Project("{FAE04EC0-301F-11D3-BF4B-00C04F79EFBC}") = "SqlBuildTools.SqlTests", "SqlBuildTools.SqlTests\SqlBuildTools.SqlTests.csproj", "{83D971D6-5457-4682-8A6C-DDF1C1D7973C}"
EndProject
Project("{FAE04EC0-301F-11D3-BF4B-00C04F79EFBC}") = "SqlBuildTools.Utils", "SqlBuildTools.Utils\SqlBuildTools.Utils.csproj", "{843FFA9A-7121-49C9-92DC-27ABD29DE28F}"
EndProject
Global
	GlobalSection(SolutionConfigurationPlatforms) = preSolution
		Debug|Any CPU = Debug|Any CPU
		Release|Any CPU = Release|Any CPU
	EndGlobalSection
	GlobalSection(ProjectConfigurationPlatforms) = postSolution
		{6CAFC0C6-A428-4D30-A9F9-700E829FEA51}.Debug|Any CPU.ActiveCfg = Debug|Any CPU
		{6CAFC0C6-A428-4D30-A9F9-700E829FEA51}.Debug|Any CPU.Build.0 = Debug|Any CPU
		{6CAFC0C6-A428-4D30-A9F9-700E829FEA51}.Release|Any CPU.ActiveCfg = Release|Any CPU
		{6CAFC0C6-A428-4D30-A9F9-700E829FEA51}.Release|Any CPU.Build.0 = Release|Any CPU
		{D2202A9F-E88B-48C9-850C-7670BE116203}.Debug|Any CPU.ActiveCfg = Debug|Any CPU
		{D2202A9F-E88B-48C9-850C-7670BE116203}.Debug|Any CPU.Build.0 = Debug|Any CPU
		{D2202A9F-E88B-48C9-850C-7670BE116203}.Release|Any CPU.ActiveCfg = Release|Any CPU
		{D2202A9F-E88B-48C9-850C-7670BE116203}.Release|Any CPU.Build.0 = Release|Any CPU
		{2431A28B-D38A-4BC8-964B-261E36246150}.Debug|Any CPU.ActiveCfg = Debug|Any CPU
		{2431A28B-D38A-4BC8-964B-261E36246150}.Debug|Any CPU.Build.0 = Debug|Any CPU
		{2431A28B-D38A-4BC8-964B-261E36246150}.Debug|Any CPU.Deploy.0 = Debug|Any CPU
		{2431A28B-D38A-4BC8-964B-261E36246150}.Release|Any CPU.ActiveCfg = Release|Any CPU
		{2431A28B-D38A-4BC8-964B-261E36246150}.Release|Any CPU.Build.0 = Release|Any CPU
		{2431A28B-D38A-4BC8-964B-261E36246150}.Release|Any CPU.Deploy.0 = Release|Any CPU
		{83D971D6-5457-4682-8A6C-DDF1C1D7973C}.Debug|Any CPU.ActiveCfg = Debug|Any CPU
		{83D971D6-5457-4682-8A6C-DDF1C1D7973C}.Debug|Any CPU.Build.0 = Debug|Any CPU
		{83D971D6-5457-4682-8A6C-DDF1C1D7973C}.Release|Any CPU.ActiveCfg = Release|Any CPU
		{83D971D6-5457-4682-8A6C-DDF1C1D7973C}.Release|Any CPU.Build.0 = Release|Any CPU
		{843FFA9A-7121-49C9-92DC-27ABD29DE28F}.Debug|Any CPU.ActiveCfg = Debug|Any CPU
		{843FFA9A-7121-49C9-92DC-27ABD29DE28F}.Debug|Any CPU.Build.0 = Debug|Any CPU
		{843FFA9A-7121-49C9-92DC-27ABD29DE28F}.Release|Any CPU.ActiveCfg = Release|Any CPU
		{843FFA9A-7121-49C9-92DC-27ABD29DE28F}.Release|Any CPU.Build.0 = Release|Any CPU
	EndGlobalSection
	GlobalSection(SolutionProperties) = preSolution
		HideSolutionNode = FALSE
	EndGlobalSection
	GlobalSection(ExtensibilityGlobals) = postSolution
		SolutionGuid = {B5E2696A-6588-4829-9666-37BAA125ED14}
	EndGlobalSection
EndGlobal
